
Microsoft Visual Studio Solution File, Format Version 12.00
# Visual Studio 15
VisualStudioVersion = 15.0.28010.2036
MinimumVisualStudioVersion = 10.0.40219.1
Project("{FAE04EC0-301F-11D3-BF4B-00C04F79EFBC}") = "CalculatorConsoleApp", "CalculatorConsoleApp\CalculatorConsoleApp.csproj", "{3067234F-66F1-484E-9ACD-FA204F64222C}"
EndProject
Project("{FAE04EC0-301F-11D3-BF4B-00C04F79EFBC}") = "CalculatorWindowsFormApp", "CalculatorWindowsFormApp\CalculatorWindowsFormApp.csproj", "{73442CBC-51B9-49C4-942D-A880F1DD08B0}"
EndProject
Global
	GlobalSection(SolutionConfigurationPlatforms) = preSolution
		Debug|Any CPU = Debug|Any CPU
		Release|Any CPU = Release|Any CPU
	EndGlobalSection
	GlobalSection(ProjectConfigurationPlatforms) = postSolution
		{3067234F-66F1-484E-9ACD-FA204F64222C}.Debug|Any CPU.ActiveCfg = Debug|Any CPU
		{3067234F-66F1-484E-9ACD-FA204F64222C}.Debug|Any CPU.Build.0 = Debug|Any CPU
		{3067234F-66F1-484E-9ACD-FA204F64222C}.Release|Any CPU.ActiveCfg = Release|Any CPU
		{3067234F-66F1-484E-9ACD-FA204F64222C}.Release|Any CPU.Build.0 = Release|Any CPU
		{73442CBC-51B9-49C4-942D-A880F1DD08B0}.Debug|Any CPU.ActiveCfg = Debug|Any CPU
		{73442CBC-51B9-49C4-942D-A880F1DD08B0}.Debug|Any CPU.Build.0 = Debug|Any CPU
		{73442CBC-51B9-49C4-942D-A880F1DD08B0}.Release|Any CPU.ActiveCfg = Release|Any CPU
		{73442CBC-51B9-49C4-942D-A880F1DD08B0}.Release|Any CPU.Build.0 = Release|Any CPU
	EndGlobalSection
	GlobalSection(SolutionProperties) = preSolution
		HideSolutionNode = FALSE
	EndGlobalSection
	GlobalSection(ExtensibilityGlobals) = postSolution
		SolutionGuid = {5F5EA487-B10D-4E03-AB21-7B07EBD0264E}
	EndGlobalSection
EndGlobal
